
Microsoft Visual Studio Solution File, Format Version 12.00
# Visual Studio Version 17
VisualStudioVersion = 17.8.34330.188
MinimumVisualStudioVersion = 10.0.40219.1
Project("{FAE04EC0-301F-11D3-BF4B-00C04F79EFBC}") = "MvcApplicaTion3.Server", "MvcApplicaTion3.Server\MvcApplicaTion3.Server.csproj", "{68342BB8-AE71-47B4-B760-DB76E91DC4C4}"
EndProject
Project("{54A90642-561A-4BB1-A94E-469ADEE60C69}") = "mvcapplication3.client", "mvcapplication3.client\mvcapplication3.client.esproj", "{7F8DCC55-3739-4624-A01A-C3C4664E4942}"
EndProject
Global
	GlobalSection(SolutionConfigurationPlatforms) = preSolution
		Debug|Any CPU = Debug|Any CPU
		Release|Any CPU = Release|Any CPU
	EndGlobalSection
	GlobalSection(ProjectConfigurationPlatforms) = postSolution
		{68342BB8-AE71-47B4-B760-DB76E91DC4C4}.Debug|Any CPU.ActiveCfg = Debug|Any CPU
		{68342BB8-AE71-47B4-B760-DB76E91DC4C4}.Debug|Any CPU.Build.0 = Debug|Any CPU
		{68342BB8-AE71-47B4-B760-DB76E91DC4C4}.Release|Any CPU.ActiveCfg = Release|Any CPU
		{68342BB8-AE71-47B4-B760-DB76E91DC4C4}.Release|Any CPU.Build.0 = Release|Any CPU
		{7F8DCC55-3739-4624-A01A-C3C4664E4942}.Debug|Any CPU.ActiveCfg = Debug|Any CPU
		{7F8DCC55-3739-4624-A01A-C3C4664E4942}.Debug|Any CPU.Build.0 = Debug|Any CPU
		{7F8DCC55-3739-4624-A01A-C3C4664E4942}.Debug|Any CPU.Deploy.0 = Debug|Any CPU
		{7F8DCC55-3739-4624-A01A-C3C4664E4942}.Release|Any CPU.ActiveCfg = Release|Any CPU
		{7F8DCC55-3739-4624-A01A-C3C4664E4942}.Release|Any CPU.Build.0 = Release|Any CPU
		{7F8DCC55-3739-4624-A01A-C3C4664E4942}.Release|Any CPU.Deploy.0 = Release|Any CPU
	EndGlobalSection
	GlobalSection(SolutionProperties) = preSolution
		HideSolutionNode = FALSE
	EndGlobalSection
	GlobalSection(ExtensibilityGlobals) = postSolution
		SolutionGuid = {28F9379A-79C8-45AF-8CCA-1E77C823DFB2}
	EndGlobalSection
EndGlobal
